{
  "name": "ritnav-trends-worker",
  "version": "1.0.0",
  "lockfileVersion": 3,
  "requires": true,
  "packages": {
    "": {
      "name": "ritnav-trends-worker",
      "version": "1.0.0",
      "dependencies": {
        "google-trends-now": "latest"
      }
    },
    "node_modules/google-trends-now": {
      "version": "1.1.1",
      "resolved": "https://registry.npmjs.org/google-trends-now/-/google-trends-now-1.1.1.tgz",
      "integrity": "sha512-CIFiYI5Xo9IjBBgFHiPV6JAUOI3GrktkeM4CLeJik4L2IKuQ59GKWxN9WhJ/1EWLLmrYGzWr5xNUBkIowcoQCg==",
      "license": "MIT",
      "bin": {
        "google-trends-now": "bin/google-trends-now.mjs"
      },
      "engines": {
        "node": ">=22"
      }
    }
  }
}
